{
  "name": "ribbon",
  "version": "2.0.0",
  "lockfileVersion": 2,
  "requires": true,
  "packages": {
    "": {
      "name": "ribbon",
      "version": "2.0.0",
      "license": "MIT",
      "dependencies": {
        "@biowasm/aioli": "^3.1.0",
        "@gmod/vcf": "^5.0.10",
        "bootstrap": "3.4.1",
        "d3": "3.5.6",
        "jquery": "3.5.1",
        "jquery-ui-dist": "1.12.1",
        "js-priority-queue": "^0.1.5",
        "moment": "^2.29.4",
        "pako": "^1.0.11",
        "papaparse": "^5.4.1"
      }
    },
    "node_modules/@biowasm/aioli": {
      "version": "3.1.0",
      "resolved": "https://registry.npmjs.org/@biowasm/aioli/-/aioli-3.1.0.tgz",
      "integrity": "sha512-0EvfL6v1MHZbtiUDNWsXh+WOdC/eQ82nBCuA2+/cYmAHOEjrymzWNr4r7pYRsgSVkbSJ2FBz+SuXnoveN8iFlQ==",
      "dependencies": {
        "comlink": "^4.3.1",
        "wasm-feature-detect": "^1.2.11"
      }
    },
    "node_modules/@gmod/vcf": {
      "version": "5.0.10",
      "resolved": "https://registry.npmjs.org/@gmod/vcf/-/vcf-5.0.10.tgz",
      "integrity": "sha512-o7QuPcOeXlJpzwQaFmgojhNvJE4yB9fhrfVEDKpkDjV27pAqwMy89367vtXu4JfBFE9t4zZ6sQRkqYaJ+cIheg==",
      "engines": {
        "node": ">=6"
      }
    },
    "node_modules/bootstrap": {
      "version": "3.4.1",
      "resolved": "https://registry.npmjs.org/bootstrap/-/bootstrap-3.4.1.tgz",
      "integrity": "sha512-yN5oZVmRCwe5aKwzRj6736nSmKDX7pLYwsXiCj/EYmo16hODaBiT4En5btW/jhBF/seV+XMx3aYwukYC3A49DA==",
      "engines": {
        "node": ">=6"
      }
    },
    "node_modules/comlink": {
      "version": "4.3.1",
      "resolved": "https://registry.npmjs.org/comlink/-/comlink-4.3.1.tgz",
      "integrity": "sha512-+YbhUdNrpBZggBAHWcgQMLPLH1KDF3wJpeqrCKieWQ8RL7atmgsgTQko1XEBK6PsecfopWNntopJ+ByYG1lRaA=="
    },
    "node_modules/d3": {
      "version": "3.5.6",
      "resolved": "https://registry.npmjs.org/d3/-/d3-3.5.6.tgz",
      "integrity": "sha1-lFHGUcpzP7lnLIH7fyZVFkpzpC0="
    },
    "node_modules/jquery": {
      "version": "3.5.1",
      "resolved": "https://registry.npmjs.org/jquery/-/jquery-3.5.1.tgz",
      "integrity": "sha512-XwIBPqcMn57FxfT+Go5pzySnm4KWkT1Tv7gjrpT1srtf8Weynl6R273VJ5GjkRb51IzMp5nbaPjJXMWeju2MKg=="
    },
    "node_modules/jquery-ui-dist": {
      "version": "1.12.1",
      "resolved": "https://registry.npmjs.org/jquery-ui-dist/-/jquery-ui-dist-1.12.1.tgz",
      "integrity": "sha1-XAgV08xvkP9fqvWyaKbiO0ypBPo="
    },
    "node_modules/js-priority-queue": {
      "version": "0.1.5",
      "resolved": "https://registry.npmjs.org/js-priority-queue/-/js-priority-queue-0.1.5.tgz",
      "integrity": "sha512-2dPmJT4GbXUpob7AZDR1wFMKz3Biy6oW69mwt5PTtdeoOgDin1i0p5gUV9k0LFeUxDpwkfr+JGMZDpcprjiY5w=="
    },
    "node_modules/moment": {
      "version": "2.29.4",
      "resolved": "https://registry.npmjs.org/moment/-/moment-2.29.4.tgz",
      "integrity": "sha512-5LC9SOxjSc2HF6vO2CyuTDNivEdoz2IvyJJGj6X8DJ0eFyfszE0QiEd+iXmBvUP3WHxSjFH/vIsA0EN00cgr8w==",
      "engines": {
        "node": "*"
      }
    },
    "node_modules/pako": {
      "version": "1.0.11",
      "resolved": "https://registry.npmjs.org/pako/-/pako-1.0.11.tgz",
      "integrity": "sha512-4hLB8Py4zZce5s4yd9XzopqwVv/yGNhV1Bl8NTmCq1763HeK2+EwVTv+leGeL13Dnh2wfbqowVPXCIO0z4taYw=="
    },
    "node_modules/papaparse": {
      "version": "5.4.1",
      "resolved": "https://registry.npmjs.org/papaparse/-/papaparse-5.4.1.tgz",
      "integrity": "sha512-HipMsgJkZu8br23pW15uvo6sib6wne/4woLZPlFf3rpDyMe9ywEXUsuD7+6K9PRkJlVT51j/sCOYDKGGS3ZJrw=="
    },
    "node_modules/wasm-feature-detect": {
      "version": "1.2.11",
      "resolved": "https://registry.npmjs.org/wasm-feature-detect/-/wasm-feature-detect-1.2.11.tgz",
      "integrity": "sha512-HUqwaodrQGaZgz1lZaNioIkog9tkeEJjrM3eq4aUL04whXOVDRc/o2EGb/8kV0QX411iAYWEqq7fMBmJ6dKS6w=="
    }
  },
  "dependencies": {
    "@biowasm/aioli": {
      "version": "3.1.0",
      "resolved": "https://registry.npmjs.org/@biowasm/aioli/-/aioli-3.1.0.tgz",
      "integrity": "sha512-0EvfL6v1MHZbtiUDNWsXh+WOdC/eQ82nBCuA2+/cYmAHOEjrymzWNr4r7pYRsgSVkbSJ2FBz+SuXnoveN8iFlQ==",
      "requires": {
        "comlink": "^4.3.1",
        "wasm-feature-detect": "^1.2.11"
      }
    },
    "@gmod/vcf": {
      "version": "5.0.10",
      "resolved": "https://registry.npmjs.org/@gmod/vcf/-/vcf-5.0.10.tgz",
      "integrity": "sha512-o7QuPcOeXlJpzwQaFmgojhNvJE4yB9fhrfVEDKpkDjV27pAqwMy89367vtXu4JfBFE9t4zZ6sQRkqYaJ+cIheg=="
    },
    "bootstrap": {
      "version": "3.4.1",
      "resolved": "https://registry.npmjs.org/bootstrap/-/bootstrap-3.4.1.tgz",
      "integrity": "sha512-yN5oZVmRCwe5aKwzRj6736nSmKDX7pLYwsXiCj/EYmo16hODaBiT4En5btW/jhBF/seV+XMx3aYwukYC3A49DA=="
    },
    "comlink": {
      "version": "4.3.1",
      "resolved": "https://registry.npmjs.org/comlink/-/comlink-4.3.1.tgz",
      "integrity": "sha512-+YbhUdNrpBZggBAHWcgQMLPLH1KDF3wJpeqrCKieWQ8RL7atmgsgTQko1XEBK6PsecfopWNntopJ+ByYG1lRaA=="
    },
    "d3": {
      "version": "3.5.6",
      "resolved": "https://registry.npmjs.org/d3/-/d3-3.5.6.tgz",
      "integrity": "sha1-lFHGUcpzP7lnLIH7fyZVFkpzpC0="
    },
    "jquery": {
      "version": "3.5.1",
      "resolved": "https://registry.npmjs.org/jquery/-/jquery-3.5.1.tgz",
      "integrity": "sha512-XwIBPqcMn57FxfT+Go5pzySnm4KWkT1Tv7gjrpT1srtf8Weynl6R273VJ5GjkRb51IzMp5nbaPjJXMWeju2MKg=="
    },
    "jquery-ui-dist": {
      "version": "1.12.1",
      "resolved": "https://registry.npmjs.org/jquery-ui-dist/-/jquery-ui-dist-1.12.1.tgz",
      "integrity": "sha1-XAgV08xvkP9fqvWyaKbiO0ypBPo="
    },
    "js-priority-queue": {
      "version": "0.1.5",
      "resolved": "https://registry.npmjs.org/js-priority-queue/-/js-priority-queue-0.1.5.tgz",
      "integrity": "sha512-2dPmJT4GbXUpob7AZDR1wFMKz3Biy6oW69mwt5PTtdeoOgDin1i0p5gUV9k0LFeUxDpwkfr+JGMZDpcprjiY5w=="
    },
    "moment": {
      "version": "2.29.4",
      "resolved": "https://registry.npmjs.org/moment/-/moment-2.29.4.tgz",
      "integrity": "sha512-5LC9SOxjSc2HF6vO2CyuTDNivEdoz2IvyJJGj6X8DJ0eFyfszE0QiEd+iXmBvUP3WHxSjFH/vIsA0EN00cgr8w=="
    },
    "pako": {
      "version": "1.0.11",
      "resolved": "https://registry.npmjs.org/pako/-/pako-1.0.11.tgz",
      "integrity": "sha512-4hLB8Py4zZce5s4yd9XzopqwVv/yGNhV1Bl8NTmCq1763HeK2+EwVTv+leGeL13Dnh2wfbqowVPXCIO0z4taYw=="
    },
    "papaparse": {
      "version": "5.4.1",
      "resolved": "https://registry.npmjs.org/papaparse/-/papaparse-5.4.1.tgz",
      "integrity": "sha512-HipMsgJkZu8br23pW15uvo6sib6wne/4woLZPlFf3rpDyMe9ywEXUsuD7+6K9PRkJlVT51j/sCOYDKGGS3ZJrw=="
    },
    "wasm-feature-detect": {
      "version": "1.2.11",
      "resolved": "https://registry.npmjs.org/wasm-feature-detect/-/wasm-feature-detect-1.2.11.tgz",
      "integrity": "sha512-HUqwaodrQGaZgz1lZaNioIkog9tkeEJjrM3eq4aUL04whXOVDRc/o2EGb/8kV0QX411iAYWEqq7fMBmJ6dKS6w=="
    }
  }
}
