{
  "name": "Ribbon",
  "version": "1.0.0",
  "lockfileVersion": 1,
  "requires": true,
  "dependencies": {
    "@robertaboukhalil/aioli": {
      "version": "0.1.9",
      "resolved": "https://registry.npmjs.org/@robertaboukhalil/aioli/-/aioli-0.1.9.tgz",
      "integrity": "sha512-l7GCCbwAE0cqbZ7Uo/ed+1pxbah1wQtIb3PdwGM51seO81CD4Q1iuRu/nDuRn8eIJPDCArorVZO6kOM35CYHXw==",
      "requires": {
        "papaparse": "^4.6.1"
      }
    },
    "bootstrap": {
      "version": "3.4.1",
      "resolved": "https://registry.npmjs.org/bootstrap/-/bootstrap-3.4.1.tgz",
      "integrity": "sha512-yN5oZVmRCwe5aKwzRj6736nSmKDX7pLYwsXiCj/EYmo16hODaBiT4En5btW/jhBF/seV+XMx3aYwukYC3A49DA=="
    },
    "d3": {
      "version": "3.5.6",
      "resolved": "https://registry.npmjs.org/d3/-/d3-3.5.6.tgz",
      "integrity": "sha1-lFHGUcpzP7lnLIH7fyZVFkpzpC0="
    },
    "jquery": {
      "version": "3.4.0",
      "resolved": "https://registry.npmjs.org/jquery/-/jquery-3.4.0.tgz",
      "integrity": "sha512-ggRCXln9zEqv6OqAGXFEcshF5dSBvCkzj6Gm2gzuR5fWawaX8t7cxKVkkygKODrDAzKdoYw3l/e3pm3vlT4IbQ=="
    },
    "papaparse": {
      "version": "4.6.3",
      "resolved": "https://registry.npmjs.org/papaparse/-/papaparse-4.6.3.tgz",
      "integrity": "sha512-LRq7BrHC2kHPBYSD50aKuw/B/dGcg29omyJbKWY3KsYUZU69RKwaBHu13jGmCYBtOc4odsLCrFyk6imfyNubJQ=="
    }
  }
}
